
Microsoft Visual Studio Solution File, Format Version 12.00
# Visual Studio 15
Project("{FAE04EC0-301F-11D3-BF4B-00C04F79EFBC}") = "GreekB", "GreekB\GreekB.csproj", "{9253DEF5-A9B1-48C9-9302-1BAC80F2BFC1}"
EndProject
Global
	GlobalSection(SolutionConfigurationPlatforms) = preSolution
		Debug|Any CPU = Debug|Any CPU
		Release|Any CPU = Release|Any CPU
	EndGlobalSection
	GlobalSection(ProjectConfigurationPlatforms) = postSolution
		{9253DEF5-A9B1-48C9-9302-1BAC80F2BFC1}.Debug|Any CPU.ActiveCfg = Debug|Any CPU
		{9253DEF5-A9B1-48C9-9302-1BAC80F2BFC1}.Debug|Any CPU.Build.0 = Debug|Any CPU
		{9253DEF5-A9B1-48C9-9302-1BAC80F2BFC1}.Release|Any CPU.ActiveCfg = Release|Any CPU
		{9253DEF5-A9B1-48C9-9302-1BAC80F2BFC1}.Release|Any CPU.Build.0 = Release|Any CPU
	EndGlobalSection
EndGlobal
